
Microsoft Visual Studio Solution File, Format Version 12.00
# Visual Studio 15
VisualStudioVersion = 15.0.27428.2037
MinimumVisualStudioVersion = 10.0.40219.1
Project("{FAE04EC0-301F-11D3-BF4B-00C04F79EFBC}") = "QRZingSample.Android", "QRZingSample\QRZingSample.Android\QRZingSample.Android.csproj", "{2605443D-0708-404B-891D-46A52E9E65DA}"
EndProject
Project("{FAE04EC0-301F-11D3-BF4B-00C04F79EFBC}") = "QRZingSample", "QRZingSample\QRZingSample\QRZingSample.csproj", "{4D0C3234-94C6-41DE-9158-9D98C7B55D9C}"
EndProject
Global
	GlobalSection(SolutionConfigurationPlatforms) = preSolution
		Debug|Any CPU = Debug|Any CPU
		Release|Any CPU = Release|Any CPU
	EndGlobalSection
	GlobalSection(ProjectConfigurationPlatforms) = postSolution
		{2605443D-0708-404B-891D-46A52E9E65DA}.Debug|Any CPU.ActiveCfg = Debug|Any CPU
		{2605443D-0708-404B-891D-46A52E9E65DA}.Debug|Any CPU.Build.0 = Debug|Any CPU
		{2605443D-0708-404B-891D-46A52E9E65DA}.Debug|Any CPU.Deploy.0 = Debug|Any CPU
		{2605443D-0708-404B-891D-46A52E9E65DA}.Release|Any CPU.ActiveCfg = Release|Any CPU
		{2605443D-0708-404B-891D-46A52E9E65DA}.Release|Any CPU.Build.0 = Release|Any CPU
		{2605443D-0708-404B-891D-46A52E9E65DA}.Release|Any CPU.Deploy.0 = Release|Any CPU
		{4D0C3234-94C6-41DE-9158-9D98C7B55D9C}.Debug|Any CPU.ActiveCfg = Debug|Any CPU
		{4D0C3234-94C6-41DE-9158-9D98C7B55D9C}.Debug|Any CPU.Build.0 = Debug|Any CPU
		{4D0C3234-94C6-41DE-9158-9D98C7B55D9C}.Release|Any CPU.ActiveCfg = Release|Any CPU
		{4D0C3234-94C6-41DE-9158-9D98C7B55D9C}.Release|Any CPU.Build.0 = Release|Any CPU
	EndGlobalSection
	GlobalSection(SolutionProperties) = preSolution
		HideSolutionNode = FALSE
	EndGlobalSection
	GlobalSection(ExtensibilityGlobals) = postSolution
		SolutionGuid = {48EEC2A1-306C-4D7D-A3AA-8A69F5692EB8}
	EndGlobalSection
EndGlobal
